{
  "version": 4,
  "terraform_version": "0.12.0",
  "serial": 22,
  "lineage": "98d83813-6bb0-c679-259c-4a18b36dd313",
  "outputs": {},
  "resources": [
    {
      "mode": "managed",
      "type": "aws_eip",
      "name": "ip",
      "provider": "provider.aws",
      "instances": [
        {
          "schema_version": 0,
          "attributes": {
            "allocation_id": null,
            "associate_with_private_ip": null,
            "association_id": "eipassoc-0bb7bcab9995f178f",
            "domain": "vpc",
            "id": "eipalloc-0bdf5b4f32a08dca9",
            "instance": "i-028fb515c596ffa0b",
            "network_interface": "eni-08a38bd00d59df446",
            "private_dns": "ip-172-32-0-133.eu-west-1.compute.internal",
            "private_ip": "172.32.0.133",
            "public_dns": "ec2-108-128-209-130.eu-west-1.compute.amazonaws.com",
            "public_ip": "108.128.209.130",
            "public_ipv4_pool": "amazon",
            "tags": {},
            "timeouts": null,
            "vpc": true
          },
          "depends_on": [
            "aws_instance.example"
          ]
        }
      ]
    },
    {
      "mode": "managed",
      "type": "aws_instance",
      "name": "example",
      "provider": "provider.aws",
      "instances": [
        {
          "schema_version": 1,
          "attributes": {
            "ami": "ami-0cbf7a0c36bde57c9",
            "arn": "arn:aws:ec2:eu-west-1:326426936480:instance/i-028fb515c596ffa0b",
            "associate_public_ip_address": true,
            "availability_zone": "eu-west-1a",
            "cpu_core_count": 1,
            "cpu_threads_per_core": 1,
            "credit_specification": [
              {
                "cpu_credits": "standard"
              }
            ],
            "disable_api_termination": false,
            "ebs_block_device": [],
            "ebs_optimized": false,
            "ephemeral_block_device": [],
            "get_password_data": false,
            "host_id": null,
            "iam_instance_profile": "",
            "id": "i-028fb515c596ffa0b",
            "instance_initiated_shutdown_behavior": null,
            "instance_state": "running",
            "instance_type": "t2.micro",
            "ipv6_address_count": 0,
            "ipv6_addresses": [],
            "key_name": "ireland-key",
            "monitoring": false,
            "network_interface": [],
            "network_interface_id": null,
            "password_data": "",
            "placement_group": "",
            "primary_network_interface_id": "eni-08a38bd00d59df446",
            "private_dns": "ip-172-32-0-133.eu-west-1.compute.internal",
            "private_ip": "172.32.0.133",
            "public_dns": "",
            "public_ip": "108.128.209.130",
            "root_block_device": [
              {
                "delete_on_termination": true,
                "iops": 100,
                "volume_id": "vol-0ace08530ed5cbd8c",
                "volume_size": 8,
                "volume_type": "gp2"
              }
            ],
            "security_groups": [],
            "source_dest_check": true,
            "subnet_id": "subnet-0132e7817fbdbf2c0",
            "tags": {},
            "tenancy": "default",
            "timeouts": null,
            "user_data": null,
            "user_data_base64": null,
            "volume_tags": {},
            "vpc_security_group_ids": [
              "sg-05ba919dd32be0c1b"
            ]
          }
        }
      ]
    }
  ]
}
